
Microsoft Visual Studio Solution File, Format Version 12.00
# Visual Studio Version 16
VisualStudioVersion = 16.0.29424.173
MinimumVisualStudioVersion = 10.0.40219.1
Project("{9A19103F-16F7-4668-BE54-9A1E7A4F7556}") = "ProjectManagementService", "ProjectManagementService\ProjectManagementService.csproj", "{09D5C9CE-8A56-4581-8BDE-A959A77B6509}"
EndProject
Project("{9A19103F-16F7-4668-BE54-9A1E7A4F7556}") = "UserManagementService", "UserManagementService\UserManagementService.csproj", "{4AE915BB-5A04-4FC2-9706-E5DF9A2F5AB2}"
EndProject
Project("{9A19103F-16F7-4668-BE54-9A1E7A4F7556}") = "TokenGenerationService", "TokenGenerationService\TokenGenerationService.csproj", "{18846BAF-71CE-4C63-86B3-28C6E5E53CDA}"
EndProject
Global
	GlobalSection(SolutionConfigurationPlatforms) = preSolution
		Debug|Any CPU = Debug|Any CPU
		Release|Any CPU = Release|Any CPU
	EndGlobalSection
	GlobalSection(ProjectConfigurationPlatforms) = postSolution
		{09D5C9CE-8A56-4581-8BDE-A959A77B6509}.Debug|Any CPU.ActiveCfg = Debug|Any CPU
		{09D5C9CE-8A56-4581-8BDE-A959A77B6509}.Debug|Any CPU.Build.0 = Debug|Any CPU
		{09D5C9CE-8A56-4581-8BDE-A959A77B6509}.Release|Any CPU.ActiveCfg = Release|Any CPU
		{09D5C9CE-8A56-4581-8BDE-A959A77B6509}.Release|Any CPU.Build.0 = Release|Any CPU
		{4AE915BB-5A04-4FC2-9706-E5DF9A2F5AB2}.Debug|Any CPU.ActiveCfg = Debug|Any CPU
		{4AE915BB-5A04-4FC2-9706-E5DF9A2F5AB2}.Debug|Any CPU.Build.0 = Debug|Any CPU
		{4AE915BB-5A04-4FC2-9706-E5DF9A2F5AB2}.Release|Any CPU.ActiveCfg = Release|Any CPU
		{4AE915BB-5A04-4FC2-9706-E5DF9A2F5AB2}.Release|Any CPU.Build.0 = Release|Any CPU
		{18846BAF-71CE-4C63-86B3-28C6E5E53CDA}.Debug|Any CPU.ActiveCfg = Debug|Any CPU
		{18846BAF-71CE-4C63-86B3-28C6E5E53CDA}.Debug|Any CPU.Build.0 = Debug|Any CPU
		{18846BAF-71CE-4C63-86B3-28C6E5E53CDA}.Release|Any CPU.ActiveCfg = Release|Any CPU
		{18846BAF-71CE-4C63-86B3-28C6E5E53CDA}.Release|Any CPU.Build.0 = Release|Any CPU
	EndGlobalSection
	GlobalSection(SolutionProperties) = preSolution
		HideSolutionNode = FALSE
	EndGlobalSection
	GlobalSection(ExtensibilityGlobals) = postSolution
		SolutionGuid = {6F58A341-85EA-466C-96D9-34E1907CC07C}
	EndGlobalSection
EndGlobal
